// !$*UTF8*$!
{
	archiveVersion = 1;
	classes = {
	};
	objectVersion = 55;
	objects = {

/* Begin PBXBuildFile section */
		FC1B302D2864DE3D00DA04E5 /* AppDelegate.swift in Sources */ = {isa = PBXBuildFile; fileRef = FC1B302C2864DE3D00DA04E5 /* AppDelegate.swift */; };
		FC1B30312864DE3D00DA04E5 /* MovieDetailsViewController.swift in Sources */ = {isa = PBXBuildFile; fileRef = FC1B30302864DE3D00DA04E5 /* MovieDetailsViewController.swift */; };
		FC1B30362864DE3E00DA04E5 /* Assets.xcassets in Resources */ = {isa = PBXBuildFile; fileRef = FC1B30352864DE3E00DA04E5 /* Assets.xcassets */; };
		FC1B30392864DE3E00DA04E5 /* LaunchScreen.storyboard in Resources */ = {isa = PBXBuildFile; fileRef = FC1B30372864DE3E00DA04E5 /* LaunchScreen.storyboard */; };
		FC51525628671AF0009CAD43 /* MoviesData.swift in Sources */ = {isa = PBXBuildFile; fileRef = FC51525528671AF0009CAD43 /* MoviesData.swift */; };
		FC515258286725A2009CAD43 /* NetworkManager.swift in Sources */ = {isa = PBXBuildFile; fileRef = FC515257286725A2009CAD43 /* NetworkManager.swift */; };
		FC78D5A728664866005A862A /* MoviesCollectionViewController.swift in Sources */ = {isa = PBXBuildFile; fileRef = FC78D5A628664866005A862A /* MoviesCollectionViewController.swift */; };
		FC78D5A92866488A005A862A /* MoviesCollectionPresenter.swift in Sources */ = {isa = PBXBuildFile; fileRef = FC78D5A82866488A005A862A /* MoviesCollectionPresenter.swift */; };
		FC78D5AB286648B2005A862A /* MoviesCollectionInteractor.swift in Sources */ = {isa = PBXBuildFile; fileRef = FC78D5AA286648B2005A862A /* MoviesCollectionInteractor.swift */; };
		FC78D5AD286648D9005A862A /* MoviesCollectionConfigurator.swift in Sources */ = {isa = PBXBuildFile; fileRef = FC78D5AC286648D9005A862A /* MoviesCollectionConfigurator.swift */; };
		FC78D5AF286648F5005A862A /* MoviesCollectionRouter.swift in Sources */ = {isa = PBXBuildFile; fileRef = FC78D5AE286648F5005A862A /* MoviesCollectionRouter.swift */; };
		FC78D5B12866497A005A862A /* MovieDetailsPresenter.swift in Sources */ = {isa = PBXBuildFile; fileRef = FC78D5B02866497A005A862A /* MovieDetailsPresenter.swift */; };
		FC78D5B32866498D005A862A /* MovieDetailsInteractor.swift in Sources */ = {isa = PBXBuildFile; fileRef = FC78D5B22866498D005A862A /* MovieDetailsInteractor.swift */; };
		FC78D5B5286649A0005A862A /* MovieDetailsConfigurator.swift in Sources */ = {isa = PBXBuildFile; fileRef = FC78D5B4286649A0005A862A /* MovieDetailsConfigurator.swift */; };
		FC78D5B828664AD7005A862A /* MovieViewCell.swift in Sources */ = {isa = PBXBuildFile; fileRef = FC78D5B728664AD7005A862A /* MovieViewCell.swift */; };
		FC78D5BA28665AC2005A862A /* Movie.swift in Sources */ = {isa = PBXBuildFile; fileRef = FC78D5B928665AC2005A862A /* Movie.swift */; };
/* End PBXBuildFile section */

/* Begin PBXFileReference section */
		FC1B30292864DE3D00DA04E5 /* Movies.app */ = {isa = PBXFileReference; explicitFileType = wrapper.application; includeInIndex = 0; path = Movies.app; sourceTree = BUILT_PRODUCTS_DIR; };
		FC1B302C2864DE3D00DA04E5 /* AppDelegate.swift */ = {isa = PBXFileReference; lastKnownFileType = sourcecode.swift; path = AppDelegate.swift; sourceTree = "<group>"; };
		FC1B30302864DE3D00DA04E5 /* MovieDetailsViewController.swift */ = {isa = PBXFileReference; lastKnownFileType = sourcecode.swift; path = MovieDetailsViewController.swift; sourceTree = "<group>"; };
		FC1B30352864DE3E00DA04E5 /* Assets.xcassets */ = {isa = PBXFileReference; lastKnownFileType = folder.assetcatalog; path = Assets.xcassets; sourceTree = "<group>"; };
		FC1B30382864DE3E00DA04E5 /* Base */ = {isa = PBXFileReference; lastKnownFileType = file.storyboard; name = Base; path = Base.lproj/LaunchScreen.storyboard; sourceTree = "<group>"; };
		FC1B303A2864DE3E00DA04E5 /* Info.plist */ = {isa = PBXFileReference; lastKnownFileType = text.plist.xml; path = Info.plist; sourceTree = "<group>"; };
		FC51525528671AF0009CAD43 /* MoviesData.swift */ = {isa = PBXFileReference; lastKnownFileType = sourcecode.swift; path = MoviesData.swift; sourceTree = "<group>"; };
		FC515257286725A2009CAD43 /* NetworkManager.swift */ = {isa = PBXFileReference; lastKnownFileType = sourcecode.swift; path = NetworkManager.swift; sourceTree = "<group>"; };
		FC78D5A628664866005A862A /* MoviesCollectionViewController.swift */ = {isa = PBXFileReference; lastKnownFileType = sourcecode.swift; path = MoviesCollectionViewController.swift; sourceTree = "<group>"; };
		FC78D5A82866488A005A862A /* MoviesCollectionPresenter.swift */ = {isa = PBXFileReference; lastKnownFileType = sourcecode.swift; path = MoviesCollectionPresenter.swift; sourceTree = "<group>"; };
		FC78D5AA286648B2005A862A /* MoviesCollectionInteractor.swift */ = {isa = PBXFileReference; lastKnownFileType = sourcecode.swift; path = MoviesCollectionInteractor.swift; sourceTree = "<group>"; };
		FC78D5AC286648D9005A862A /* MoviesCollectionConfigurator.swift */ = {isa = PBXFileReference; lastKnownFileType = sourcecode.swift; path = MoviesCollectionConfigurator.swift; sourceTree = "<group>"; };
		FC78D5AE286648F5005A862A /* MoviesCollectionRouter.swift */ = {isa = PBXFileReference; lastKnownFileType = sourcecode.swift; path = MoviesCollectionRouter.swift; sourceTree = "<group>"; };
		FC78D5B02866497A005A862A /* MovieDetailsPresenter.swift */ = {isa = PBXFileReference; lastKnownFileType = sourcecode.swift; path = MovieDetailsPresenter.swift; sourceTree = "<group>"; };
		FC78D5B22866498D005A862A /* MovieDetailsInteractor.swift */ = {isa = PBXFileReference; lastKnownFileType = sourcecode.swift; path = MovieDetailsInteractor.swift; sourceTree = "<group>"; };
		FC78D5B4286649A0005A862A /* MovieDetailsConfigurator.swift */ = {isa = PBXFileReference; lastKnownFileType = sourcecode.swift; path = MovieDetailsConfigurator.swift; sourceTree = "<group>"; };
		FC78D5B728664AD7005A862A /* MovieViewCell.swift */ = {isa = PBXFileReference; lastKnownFileType = sourcecode.swift; path = MovieViewCell.swift; sourceTree = "<group>"; };
		FC78D5B928665AC2005A862A /* Movie.swift */ = {isa = PBXFileReference; lastKnownFileType = sourcecode.swift; path = Movie.swift; sourceTree = "<group>"; };
/* End PBXFileReference section */

/* Begin PBXFrameworksBuildPhase section */
		FC1B30262864DE3D00DA04E5 /* Frameworks */ = {
			isa = PBXFrameworksBuildPhase;
			buildActionMask = 2147483647;
			files = (
			);
			runOnlyForDeploymentPostprocessing = 0;
		};
/* End PBXFrameworksBuildPhase section */

/* Begin PBXGroup section */
		FC1B30202864DE3D00DA04E5 = {
			isa = PBXGroup;
			children = (
				FC1B302B2864DE3D00DA04E5 /* Movies */,
				FC1B302A2864DE3D00DA04E5 /* Products */,
			);
			sourceTree = "<group>";
		};
		FC1B302A2864DE3D00DA04E5 /* Products */ = {
			isa = PBXGroup;
			children = (
				FC1B30292864DE3D00DA04E5 /* Movies.app */,
			);
			name = Products;
			sourceTree = "<group>";
		};
		FC1B302B2864DE3D00DA04E5 /* Movies */ = {
			isa = PBXGroup;
			children = (
				FC1B30422864E0AF00DA04E5 /* SupportingFiles */,
				FC1B30442864E14D00DA04E5 /* MoviesCollection */,
				FC78D5A5286647C7005A862A /* MovieDetails */,
				FC1B30412864E0A600DA04E5 /* Models */,
				FC1B30402864E08500DA04E5 /* Services */,
				FC1B30432864E0F700DA04E5 /* Resources */,
				FC1B30372864DE3E00DA04E5 /* LaunchScreen.storyboard */,
			);
			path = Movies;
			sourceTree = "<group>";
		};
		FC1B30402864E08500DA04E5 /* Services */ = {
			isa = PBXGroup;
			children = (
				FC515257286725A2009CAD43 /* NetworkManager.swift */,
			);
			path = Services;
			sourceTree = "<group>";
		};
		FC1B30412864E0A600DA04E5 /* Models */ = {
			isa = PBXGroup;
			children = (
				FC78D5B928665AC2005A862A /* Movie.swift */,
				FC51525528671AF0009CAD43 /* MoviesData.swift */,
			);
			path = Models;
			sourceTree = "<group>";
		};
		FC1B30422864E0AF00DA04E5 /* SupportingFiles */ = {
			isa = PBXGroup;
			children = (
				FC1B302C2864DE3D00DA04E5 /* AppDelegate.swift */,
				FC1B303A2864DE3E00DA04E5 /* Info.plist */,
			);
			path = SupportingFiles;
			sourceTree = "<group>";
		};
		FC1B30432864E0F700DA04E5 /* Resources */ = {
			isa = PBXGroup;
			children = (
				FC1B30352864DE3E00DA04E5 /* Assets.xcassets */,
			);
			path = Resources;
			sourceTree = "<group>";
		};
		FC1B30442864E14D00DA04E5 /* MoviesCollection */ = {
			isa = PBXGroup;
			children = (
				FC78D5B6286649D4005A862A /* MovieCell */,
				FC78D5A628664866005A862A /* MoviesCollectionViewController.swift */,
				FC78D5A82866488A005A862A /* MoviesCollectionPresenter.swift */,
				FC78D5AA286648B2005A862A /* MoviesCollectionInteractor.swift */,
				FC78D5AC286648D9005A862A /* MoviesCollectionConfigurator.swift */,
				FC78D5AE286648F5005A862A /* MoviesCollectionRouter.swift */,
			);
			path = MoviesCollection;
			sourceTree = "<group>";
		};
		FC78D5A5286647C7005A862A /* MovieDetails */ = {
			isa = PBXGroup;
			children = (
				FC1B30302864DE3D00DA04E5 /* MovieDetailsViewController.swift */,
				FC78D5B02866497A005A862A /* MovieDetailsPresenter.swift */,
				FC78D5B22866498D005A862A /* MovieDetailsInteractor.swift */,
				FC78D5B4286649A0005A862A /* MovieDetailsConfigurator.swift */,
			);
			path = MovieDetails;
			sourceTree = "<group>";
		};
		FC78D5B6286649D4005A862A /* MovieCell */ = {
			isa = PBXGroup;
			children = (
				FC78D5B728664AD7005A862A /* MovieViewCell.swift */,
			);
			path = MovieCell;
			sourceTree = "<group>";
		};
/* End PBXGroup section */

/* Begin PBXNativeTarget section */
		FC1B30282864DE3D00DA04E5 /* Movies */ = {
			isa = PBXNativeTarget;
			buildConfigurationList = FC1B303D2864DE3E00DA04E5 /* Build configuration list for PBXNativeTarget "Movies" */;
			buildPhases = (
				FC1B30252864DE3D00DA04E5 /* Sources */,
				FC1B30262864DE3D00DA04E5 /* Frameworks */,
				FC1B30272864DE3D00DA04E5 /* Resources */,
			);
			buildRules = (
			);
			dependencies = (
			);
			name = Movies;
			productName = Movies;
			productReference = FC1B30292864DE3D00DA04E5 /* Movies.app */;
			productType = "com.apple.product-type.application";
		};
/* End PBXNativeTarget section */

/* Begin PBXProject section */
		FC1B30212864DE3D00DA04E5 /* Project object */ = {
			isa = PBXProject;
			attributes = {
				BuildIndependentTargetsInParallel = 1;
				LastSwiftUpdateCheck = 1320;
				LastUpgradeCheck = 1320;
				TargetAttributes = {
					FC1B30282864DE3D00DA04E5 = {
						CreatedOnToolsVersion = 13.2.1;
					};
				};
			};
			buildConfigurationList = FC1B30242864DE3D00DA04E5 /* Build configuration list for PBXProject "Movies" */;
			compatibilityVersion = "Xcode 13.0";
			developmentRegion = en;
			hasScannedForEncodings = 0;
			knownRegions = (
				en,
				Base,
			);
			mainGroup = FC1B30202864DE3D00DA04E5;
			productRefGroup = FC1B302A2864DE3D00DA04E5 /* Products */;
			projectDirPath = "";
			projectRoot = "";
			targets = (
				FC1B30282864DE3D00DA04E5 /* Movies */,
			);
		};
/* End PBXProject section */

/* Begin PBXResourcesBuildPhase section */
		FC1B30272864DE3D00DA04E5 /* Resources */ = {
			isa = PBXResourcesBuildPhase;
			buildActionMask = 2147483647;
			files = (
				FC1B30392864DE3E00DA04E5 /* LaunchScreen.storyboard in Resources */,
				FC1B30362864DE3E00DA04E5 /* Assets.xcassets in Resources */,
			);
			runOnlyForDeploymentPostprocessing = 0;
		};
/* End PBXResourcesBuildPhase section */

/* Begin PBXSourcesBuildPhase section */
		FC1B30252864DE3D00DA04E5 /* Sources */ = {
			isa = PBXSourcesBuildPhase;
			buildActionMask = 2147483647;
			files = (
				FC78D5A728664866005A862A /* MoviesCollectionViewController.swift in Sources */,
				FC78D5AD286648D9005A862A /* MoviesCollectionConfigurator.swift in Sources */,
				FC78D5BA28665AC2005A862A /* Movie.swift in Sources */,
				FC78D5AB286648B2005A862A /* MoviesCollectionInteractor.swift in Sources */,
				FC78D5A92866488A005A862A /* MoviesCollectionPresenter.swift in Sources */,
				FC78D5B5286649A0005A862A /* MovieDetailsConfigurator.swift in Sources */,
				FC78D5B12866497A005A862A /* MovieDetailsPresenter.swift in Sources */,
				FC78D5B828664AD7005A862A /* MovieViewCell.swift in Sources */,
				FC51525628671AF0009CAD43 /* MoviesData.swift in Sources */,
				FC1B30312864DE3D00DA04E5 /* MovieDetailsViewController.swift in Sources */,
				FC515258286725A2009CAD43 /* NetworkManager.swift in Sources */,
				FC78D5B32866498D005A862A /* MovieDetailsInteractor.swift in Sources */,
				FC78D5AF286648F5005A862A /* MoviesCollectionRouter.swift in Sources */,
				FC1B302D2864DE3D00DA04E5 /* AppDelegate.swift in Sources */,
			);
			runOnlyForDeploymentPostprocessing = 0;
		};
/* End PBXSourcesBuildPhase section */

/* Begin PBXVariantGroup section */
		FC1B30372864DE3E00DA04E5 /* LaunchScreen.storyboard */ = {
			isa = PBXVariantGroup;
			children = (
				FC1B30382864DE3E00DA04E5 /* Base */,
			);
			name = LaunchScreen.storyboard;
			sourceTree = "<group>";
		};
/* End PBXVariantGroup section */

/* Begin XCBuildConfiguration section */
		FC1B303B2864DE3E00DA04E5 /* Debug */ = {
			isa = XCBuildConfiguration;
			buildSettings = {
				ALWAYS_SEARCH_USER_PATHS = NO;
				CLANG_ANALYZER_NONNULL = YES;
				CLANG_ANALYZER_NUMBER_OBJECT_CONVERSION = YES_AGGRESSIVE;
				CLANG_CXX_LANGUAGE_STANDARD = "gnu++17";
				CLANG_CXX_LIBRARY = "libc++";
				CLANG_ENABLE_MODULES = YES;
				CLANG_ENABLE_OBJC_ARC = YES;
				CLANG_ENABLE_OBJC_WEAK = YES;
				CLANG_WARN_BLOCK_CAPTURE_AUTORELEASING = YES;
				CLANG_WARN_BOOL_CONVERSION = YES;
				CLANG_WARN_COMMA = YES;
				CLANG_WARN_CONSTANT_CONVERSION = YES;
				CLANG_WARN_DEPRECATED_OBJC_IMPLEMENTATIONS = YES;
				CLANG_WARN_DIRECT_OBJC_ISA_USAGE = YES_ERROR;
				CLANG_WARN_DOCUMENTATION_COMMENTS = YES;
				CLANG_WARN_EMPTY_BODY = YES;
				CLANG_WARN_ENUM_CONVERSION = YES;
				CLANG_WARN_INFINITE_RECURSION = YES;
				CLANG_WARN_INT_CONVERSION = YES;
				CLANG_WARN_NON_LITERAL_NULL_CONVERSION = YES;
				CLANG_WARN_OBJC_IMPLICIT_RETAIN_SELF = YES;
				CLANG_WARN_OBJC_LITERAL_CONVERSION = YES;
				CLANG_WARN_OBJC_ROOT_CLASS = YES_ERROR;
				CLANG_WARN_QUOTED_INCLUDE_IN_FRAMEWORK_HEADER = YES;
				CLANG_WARN_RANGE_LOOP_ANALYSIS = YES;
				CLANG_WARN_STRICT_PROTOTYPES = YES;
				CLANG_WARN_SUSPICIOUS_MOVE = YES;
				CLANG_WARN_UNGUARDED_AVAILABILITY = YES_AGGRESSIVE;
				CLANG_WARN_UNREACHABLE_CODE = YES;
				CLANG_WARN__DUPLICATE_METHOD_MATCH = YES;
				COPY_PHASE_STRIP = NO;
				DEBUG_INFORMATION_FORMAT = dwarf;
				ENABLE_STRICT_OBJC_MSGSEND = YES;
				ENABLE_TESTABILITY = YES;
				GCC_C_LANGUAGE_STANDARD = gnu11;
				GCC_DYNAMIC_NO_PIC = NO;
				GCC_NO_COMMON_BLOCKS = YES;
				GCC_OPTIMIZATION_LEVEL = 0;
				GCC_PREPROCESSOR_DEFINITIONS = (
					"DEBUG=1",
					"$(inherited)",
				);
				GCC_WARN_64_TO_32_BIT_CONVERSION = YES;
				GCC_WARN_ABOUT_RETURN_TYPE = YES_ERROR;
				GCC_WARN_UNDECLARED_SELECTOR = YES;
				GCC_WARN_UNINITIALIZED_AUTOS = YES_AGGRESSIVE;
				GCC_WARN_UNUSED_FUNCTION = YES;
				GCC_WARN_UNUSED_VARIABLE = YES;
				IPHONEOS_DEPLOYMENT_TARGET = 15.2;
				MTL_ENABLE_DEBUG_INFO = INCLUDE_SOURCE;
				MTL_FAST_MATH = YES;
				ONLY_ACTIVE_ARCH = YES;
				SDKROOT = iphoneos;
				SWIFT_ACTIVE_COMPILATION_CONDITIONS = DEBUG;
				SWIFT_OPTIMIZATION_LEVEL = "-Onone";
			};
			name = Debug;
		};
		FC1B303C2864DE3E00DA04E5 /* Release */ = {
			isa = XCBuildConfiguration;
			buildSettings = {
				ALWAYS_SEARCH_USER_PATHS = NO;
				CLANG_ANALYZER_NONNULL = YES;
				CLANG_ANALYZER_NUMBER_OBJECT_CONVERSION = YES_AGGRESSIVE;
				CLANG_CXX_LANGUAGE_STANDARD = "gnu++17";
				CLANG_CXX_LIBRARY = "libc++";
				CLANG_ENABLE_MODULES = YES;
				CLANG_ENABLE_OBJC_ARC = YES;
				CLANG_ENABLE_OBJC_WEAK = YES;
				CLANG_WARN_BLOCK_CAPTURE_AUTORELEASING = YES;
				CLANG_WARN_BOOL_CONVERSION = YES;
				CLANG_WARN_COMMA = YES;
				CLANG_WARN_CONSTANT_CONVERSION = YES;
				CLANG_WARN_DEPRECATED_OBJC_IMPLEMENTATIONS = YES;
				CLANG_WARN_DIRECT_OBJC_ISA_USAGE = YES_ERROR;
				CLANG_WARN_DOCUMENTATION_COMMENTS = YES;
				CLANG_WARN_EMPTY_BODY = YES;
				CLANG_WARN_ENUM_CONVERSION = YES;
				CLANG_WARN_INFINITE_RECURSION = YES;
				CLANG_WARN_INT_CONVERSION = YES;
				CLANG_WARN_NON_LITERAL_NULL_CONVERSION = YES;
				CLANG_WARN_OBJC_IMPLICIT_RETAIN_SELF = YES;
				CLANG_WARN_OBJC_LITERAL_CONVERSION = YES;
				CLANG_WARN_OBJC_ROOT_CLASS = YES_ERROR;
				CLANG_WARN_QUOTED_INCLUDE_IN_FRAMEWORK_HEADER = YES;
				CLANG_WARN_RANGE_LOOP_ANALYSIS = YES;
				CLANG_WARN_STRICT_PROTOTYPES = YES;
				CLANG_WARN_SUSPICIOUS_MOVE = YES;
				CLANG_WARN_UNGUARDED_AVAILABILITY = YES_AGGRESSIVE;
				CLANG_WARN_UNREACHABLE_CODE = YES;
				CLANG_WARN__DUPLICATE_METHOD_MATCH = YES;
				COPY_PHASE_STRIP = NO;
				DEBUG_INFORMATION_FORMAT = "dwarf-with-dsym";
				ENABLE_NS_ASSERTIONS = NO;
				ENABLE_STRICT_OBJC_MSGSEND = YES;
				GCC_C_LANGUAGE_STANDARD = gnu11;
				GCC_NO_COMMON_BLOCKS = YES;
				GCC_WARN_64_TO_32_BIT_CONVERSION = YES;
				GCC_WARN_ABOUT_RETURN_TYPE = YES_ERROR;
				GCC_WARN_UNDECLARED_SELECTOR = YES;
				GCC_WARN_UNINITIALIZED_AUTOS = YES_AGGRESSIVE;
				GCC_WARN_UNUSED_FUNCTION = YES;
				GCC_WARN_UNUSED_VARIABLE = YES;
				IPHONEOS_DEPLOYMENT_TARGET = 15.2;
				MTL_ENABLE_DEBUG_INFO = NO;
				MTL_FAST_MATH = YES;
				SDKROOT = iphoneos;
				SWIFT_COMPILATION_MODE = wholemodule;
				SWIFT_OPTIMIZATION_LEVEL = "-O";
				VALIDATE_PRODUCT = YES;
			};
			name = Release;
		};
		FC1B303E2864DE3E00DA04E5 /* Debug */ = {
			isa = XCBuildConfiguration;
			buildSettings = {
				ASSETCATALOG_COMPILER_APPICON_NAME = AppIcon;
				ASSETCATALOG_COMPILER_GLOBAL_ACCENT_COLOR_NAME = AccentColor;
				CODE_SIGN_STYLE = Automatic;
				CURRENT_PROJECT_VERSION = 1;
				DEVELOPMENT_TEAM = 4ARG8W2BQX;
				GENERATE_INFOPLIST_FILE = YES;
				INFOPLIST_FILE = Movies/SupportingFiles/Info.plist;
				INFOPLIST_KEY_UIApplicationSupportsIndirectInputEvents = YES;
				INFOPLIST_KEY_UILaunchStoryboardName = LaunchScreen;
				INFOPLIST_KEY_UISupportedInterfaceOrientations = UIInterfaceOrientationPortrait;
				INFOPLIST_KEY_UISupportedInterfaceOrientations_iPad = "UIInterfaceOrientationPortrait UIInterfaceOrientationPortraitUpsideDown UIInterfaceOrientationLandscapeLeft UIInterfaceOrientationLandscapeRight";
				INFOPLIST_KEY_UISupportedInterfaceOrientations_iPhone = "UIInterfaceOrientationPortrait UIInterfaceOrientationLandscapeLeft UIInterfaceOrientationLandscapeRight";
				IPHONEOS_DEPLOYMENT_TARGET = 13.0;
				LD_RUNPATH_SEARCH_PATHS = (
					"$(inherited)",
					"@executable_path/Frameworks",
				);
				MARKETING_VERSION = 1.0;
				PRODUCT_BUNDLE_IDENTIFIER = com.zhukov.Movies;
				PRODUCT_NAME = "$(TARGET_NAME)";
				SWIFT_EMIT_LOC_STRINGS = YES;
				SWIFT_VERSION = 5.0;
				TARGETED_DEVICE_FAMILY = 1;
			};
			name = Debug;
		};
		FC1B303F2864DE3E00DA04E5 /* Release */ = {
			isa = XCBuildConfiguration;
			buildSettings = {
				ASSETCATALOG_COMPILER_APPICON_NAME = AppIcon;
				ASSETCATALOG_COMPILER_GLOBAL_ACCENT_COLOR_NAME = AccentColor;
				CODE_SIGN_STYLE = Automatic;
				CURRENT_PROJECT_VERSION = 1;
				DEVELOPMENT_TEAM = 4ARG8W2BQX;
				GENERATE_INFOPLIST_FILE = YES;
				INFOPLIST_FILE = Movies/SupportingFiles/Info.plist;
				INFOPLIST_KEY_UIApplicationSupportsIndirectInputEvents = YES;
				INFOPLIST_KEY_UILaunchStoryboardName = LaunchScreen;
				INFOPLIST_KEY_UISupportedInterfaceOrientations = UIInterfaceOrientationPortrait;
				INFOPLIST_KEY_UISupportedInterfaceOrientations_iPad = "UIInterfaceOrientationPortrait UIInterfaceOrientationPortraitUpsideDown UIInterfaceOrientationLandscapeLeft UIInterfaceOrientationLandscapeRight";
				INFOPLIST_KEY_UISupportedInterfaceOrientations_iPhone = "UIInterfaceOrientationPortrait UIInterfaceOrientationLandscapeLeft UIInterfaceOrientationLandscapeRight";
				IPHONEOS_DEPLOYMENT_TARGET = 13.0;
				LD_RUNPATH_SEARCH_PATHS = (
					"$(inherited)",
					"@executable_path/Frameworks",
				);
				MARKETING_VERSION = 1.0;
				PRODUCT_BUNDLE_IDENTIFIER = com.zhukov.Movies;
				PRODUCT_NAME = "$(TARGET_NAME)";
				SWIFT_EMIT_LOC_STRINGS = YES;
				SWIFT_VERSION = 5.0;
				TARGETED_DEVICE_FAMILY = 1;
			};
			name = Release;
		};
/* End XCBuildConfiguration section */

/* Begin XCConfigurationList section */
		FC1B30242864DE3D00DA04E5 /* Build configuration list for PBXProject "Movies" */ = {
			isa = XCConfigurationList;
			buildConfigurations = (
				FC1B303B2864DE3E00DA04E5 /* Debug */,
				FC1B303C2864DE3E00DA04E5 /* Release */,
			);
			defaultConfigurationIsVisible = 0;
			defaultConfigurationName = Release;
		};
		FC1B303D2864DE3E00DA04E5 /* Build configuration list for PBXNativeTarget "Movies" */ = {
			isa = XCConfigurationList;
			buildConfigurations = (
				FC1B303E2864DE3E00DA04E5 /* Debug */,
				FC1B303F2864DE3E00DA04E5 /* Release */,
			);
			defaultConfigurationIsVisible = 0;
			defaultConfigurationName = Release;
		};
/* End XCConfigurationList section */
	};
	rootObject = FC1B30212864DE3D00DA04E5 /* Project object */;
}
